
Microsoft Visual Studio Solution File, Format Version 12.00
# Visual Studio Version 17
VisualStudioVersion = 17.0.31903.59
MinimumVisualStudioVersion = 10.0.40219.1
Project("{FAE04EC0-301F-11D3-BF4B-00C04F79EFBC}") = "Puzzle1", "Puzzle1\Puzzle1.csproj", "{8370056C-63DC-4CB6-B5BC-F7489981FC82}"
EndProject
Project("{FAE04EC0-301F-11D3-BF4B-00C04F79EFBC}") = "Puzzle2", "Puzzle2\Puzzle2.csproj", "{3D95DBD0-8C94-479F-BB3A-9F4BB072FB60}"
EndProject
Project("{FAE04EC0-301F-11D3-BF4B-00C04F79EFBC}") = "Puzzle3", "Puzzle3\Puzzle3.csproj", "{F1BD5935-CA02-4078-9EAB-C53DFA1CB19E}"
EndProject
Project("{FAE04EC0-301F-11D3-BF4B-00C04F79EFBC}") = "Puzzle4", "Puzzle4\Puzzle4.csproj", "{2D90E393-CA49-4032-8A76-4256A9D01B3B}"
EndProject
Project("{FAE04EC0-301F-11D3-BF4B-00C04F79EFBC}") = "Puzzle5", "Puzzle5\Puzzle5.csproj", "{3F9264BD-CB8B-4B31-9479-973942CDE223}"
EndProject
Project("{FAE04EC0-301F-11D3-BF4B-00C04F79EFBC}") = "Puzzle6", "Puzzle6\Puzzle6.csproj", "{E10EA6E3-09CC-4CA5-A8A7-8B82F4F5058F}"
EndProject
Project("{FAE04EC0-301F-11D3-BF4B-00C04F79EFBC}") = "Puzzle7", "Puzzle7\Puzzle7.csproj", "{9904F7AF-6900-4D9D-9F5F-3A8AF1738CE1}"
EndProject
Project("{FAE04EC0-301F-11D3-BF4B-00C04F79EFBC}") = "Puzzle8", "Puzzle8\Puzzle8.csproj", "{C1691295-602B-4036-A00A-C85D233E8564}"
EndProject
Project("{FAE04EC0-301F-11D3-BF4B-00C04F79EFBC}") = "Puzzle9", "Puzzle9\Puzzle9.csproj", "{E54A3CBD-B8CB-4E03-A529-7726A8326985}"
EndProject
Project("{FAE04EC0-301F-11D3-BF4B-00C04F79EFBC}") = "Puzzle10", "Puzzle10\Puzzle10.csproj", "{10906A30-CA25-49D0-8788-A1924DA0CE15}"
EndProject
Project("{FAE04EC0-301F-11D3-BF4B-00C04F79EFBC}") = "Puzzle11", "Puzzle11\Puzzle11.csproj", "{19D3DFB3-8912-4D77-9187-BCAF4FE32796}"
EndProject
Project("{FAE04EC0-301F-11D3-BF4B-00C04F79EFBC}") = "Puzzle12", "Puzzle12\Puzzle12.csproj", "{D780800E-3807-48A5-9C73-E3EC07E606B2}"
EndProject
Project("{FAE04EC0-301F-11D3-BF4B-00C04F79EFBC}") = "Puzzle13", "Puzzle13\Puzzle13.csproj", "{EBB3FD95-6176-47C8-8481-AFCA6DE9CAA1}"
EndProject
Project("{FAE04EC0-301F-11D3-BF4B-00C04F79EFBC}") = "Puzzle14", "Puzzle14\Puzzle14.csproj", "{33652C12-2644-4641-97F4-B256473BF0B2}"
EndProject
Global
	GlobalSection(SolutionConfigurationPlatforms) = preSolution
		Debug|Any CPU = Debug|Any CPU
		Release|Any CPU = Release|Any CPU
	EndGlobalSection
	GlobalSection(SolutionProperties) = preSolution
		HideSolutionNode = FALSE
	EndGlobalSection
	GlobalSection(ProjectConfigurationPlatforms) = postSolution
		{8370056C-63DC-4CB6-B5BC-F7489981FC82}.Debug|Any CPU.ActiveCfg = Debug|Any CPU
		{8370056C-63DC-4CB6-B5BC-F7489981FC82}.Debug|Any CPU.Build.0 = Debug|Any CPU
		{8370056C-63DC-4CB6-B5BC-F7489981FC82}.Release|Any CPU.ActiveCfg = Release|Any CPU
		{8370056C-63DC-4CB6-B5BC-F7489981FC82}.Release|Any CPU.Build.0 = Release|Any CPU
		{3D95DBD0-8C94-479F-BB3A-9F4BB072FB60}.Debug|Any CPU.ActiveCfg = Debug|Any CPU
		{3D95DBD0-8C94-479F-BB3A-9F4BB072FB60}.Debug|Any CPU.Build.0 = Debug|Any CPU
		{3D95DBD0-8C94-479F-BB3A-9F4BB072FB60}.Release|Any CPU.ActiveCfg = Release|Any CPU
		{3D95DBD0-8C94-479F-BB3A-9F4BB072FB60}.Release|Any CPU.Build.0 = Release|Any CPU
		{F1BD5935-CA02-4078-9EAB-C53DFA1CB19E}.Debug|Any CPU.ActiveCfg = Debug|Any CPU
		{F1BD5935-CA02-4078-9EAB-C53DFA1CB19E}.Debug|Any CPU.Build.0 = Debug|Any CPU
		{F1BD5935-CA02-4078-9EAB-C53DFA1CB19E}.Release|Any CPU.ActiveCfg = Release|Any CPU
		{F1BD5935-CA02-4078-9EAB-C53DFA1CB19E}.Release|Any CPU.Build.0 = Release|Any CPU
		{2D90E393-CA49-4032-8A76-4256A9D01B3B}.Debug|Any CPU.ActiveCfg = Debug|Any CPU
		{2D90E393-CA49-4032-8A76-4256A9D01B3B}.Debug|Any CPU.Build.0 = Debug|Any CPU
		{2D90E393-CA49-4032-8A76-4256A9D01B3B}.Release|Any CPU.ActiveCfg = Release|Any CPU
		{2D90E393-CA49-4032-8A76-4256A9D01B3B}.Release|Any CPU.Build.0 = Release|Any CPU
		{3F9264BD-CB8B-4B31-9479-973942CDE223}.Debug|Any CPU.ActiveCfg = Debug|Any CPU
		{3F9264BD-CB8B-4B31-9479-973942CDE223}.Debug|Any CPU.Build.0 = Debug|Any CPU
		{3F9264BD-CB8B-4B31-9479-973942CDE223}.Release|Any CPU.ActiveCfg = Release|Any CPU
		{3F9264BD-CB8B-4B31-9479-973942CDE223}.Release|Any CPU.Build.0 = Release|Any CPU
		{E10EA6E3-09CC-4CA5-A8A7-8B82F4F5058F}.Debug|Any CPU.ActiveCfg = Debug|Any CPU
		{E10EA6E3-09CC-4CA5-A8A7-8B82F4F5058F}.Debug|Any CPU.Build.0 = Debug|Any CPU
		{E10EA6E3-09CC-4CA5-A8A7-8B82F4F5058F}.Release|Any CPU.ActiveCfg = Release|Any CPU
		{E10EA6E3-09CC-4CA5-A8A7-8B82F4F5058F}.Release|Any CPU.Build.0 = Release|Any CPU
		{9904F7AF-6900-4D9D-9F5F-3A8AF1738CE1}.Debug|Any CPU.ActiveCfg = Debug|Any CPU
		{9904F7AF-6900-4D9D-9F5F-3A8AF1738CE1}.Debug|Any CPU.Build.0 = Debug|Any CPU
		{9904F7AF-6900-4D9D-9F5F-3A8AF1738CE1}.Release|Any CPU.ActiveCfg = Release|Any CPU
		{9904F7AF-6900-4D9D-9F5F-3A8AF1738CE1}.Release|Any CPU.Build.0 = Release|Any CPU
		{C1691295-602B-4036-A00A-C85D233E8564}.Debug|Any CPU.ActiveCfg = Debug|Any CPU
		{C1691295-602B-4036-A00A-C85D233E8564}.Debug|Any CPU.Build.0 = Debug|Any CPU
		{C1691295-602B-4036-A00A-C85D233E8564}.Release|Any CPU.ActiveCfg = Release|Any CPU
		{C1691295-602B-4036-A00A-C85D233E8564}.Release|Any CPU.Build.0 = Release|Any CPU
		{E54A3CBD-B8CB-4E03-A529-7726A8326985}.Debug|Any CPU.ActiveCfg = Debug|Any CPU
		{E54A3CBD-B8CB-4E03-A529-7726A8326985}.Debug|Any CPU.Build.0 = Debug|Any CPU
		{E54A3CBD-B8CB-4E03-A529-7726A8326985}.Release|Any CPU.ActiveCfg = Release|Any CPU
		{E54A3CBD-B8CB-4E03-A529-7726A8326985}.Release|Any CPU.Build.0 = Release|Any CPU
		{10906A30-CA25-49D0-8788-A1924DA0CE15}.Debug|Any CPU.ActiveCfg = Debug|Any CPU
		{10906A30-CA25-49D0-8788-A1924DA0CE15}.Debug|Any CPU.Build.0 = Debug|Any CPU
		{10906A30-CA25-49D0-8788-A1924DA0CE15}.Release|Any CPU.ActiveCfg = Release|Any CPU
		{10906A30-CA25-49D0-8788-A1924DA0CE15}.Release|Any CPU.Build.0 = Release|Any CPU
		{19D3DFB3-8912-4D77-9187-BCAF4FE32796}.Debug|Any CPU.ActiveCfg = Debug|Any CPU
		{19D3DFB3-8912-4D77-9187-BCAF4FE32796}.Debug|Any CPU.Build.0 = Debug|Any CPU
		{19D3DFB3-8912-4D77-9187-BCAF4FE32796}.Release|Any CPU.ActiveCfg = Release|Any CPU
		{19D3DFB3-8912-4D77-9187-BCAF4FE32796}.Release|Any CPU.Build.0 = Release|Any CPU
		{D780800E-3807-48A5-9C73-E3EC07E606B2}.Debug|Any CPU.ActiveCfg = Debug|Any CPU
		{D780800E-3807-48A5-9C73-E3EC07E606B2}.Debug|Any CPU.Build.0 = Debug|Any CPU
		{D780800E-3807-48A5-9C73-E3EC07E606B2}.Release|Any CPU.ActiveCfg = Release|Any CPU
		{D780800E-3807-48A5-9C73-E3EC07E606B2}.Release|Any CPU.Build.0 = Release|Any CPU
		{EBB3FD95-6176-47C8-8481-AFCA6DE9CAA1}.Debug|Any CPU.ActiveCfg = Debug|Any CPU
		{EBB3FD95-6176-47C8-8481-AFCA6DE9CAA1}.Debug|Any CPU.Build.0 = Debug|Any CPU
		{EBB3FD95-6176-47C8-8481-AFCA6DE9CAA1}.Release|Any CPU.ActiveCfg = Release|Any CPU
		{EBB3FD95-6176-47C8-8481-AFCA6DE9CAA1}.Release|Any CPU.Build.0 = Release|Any CPU
		{33652C12-2644-4641-97F4-B256473BF0B2}.Debug|Any CPU.ActiveCfg = Debug|Any CPU
		{33652C12-2644-4641-97F4-B256473BF0B2}.Debug|Any CPU.Build.0 = Debug|Any CPU
		{33652C12-2644-4641-97F4-B256473BF0B2}.Release|Any CPU.ActiveCfg = Release|Any CPU
		{33652C12-2644-4641-97F4-B256473BF0B2}.Release|Any CPU.Build.0 = Release|Any CPU
	EndGlobalSection
EndGlobal
